
Microsoft Visual Studio Solution File, Format Version 12.00
# Visual Studio Version 17
VisualStudioVersion = 17.4.33213.308
MinimumVisualStudioVersion = 10.0.40219.1
Project("{FAE04EC0-301F-11D3-BF4B-00C04F79EFBC}") = "AppEtecFlix.Android", "AppEtecFlix\AppEtecFlix.Android\AppEtecFlix.Android.csproj", "{6B013A33-7110-4EA1-B964-EBA131FEED59}"
EndProject
Project("{FAE04EC0-301F-11D3-BF4B-00C04F79EFBC}") = "AppEtecFlix", "AppEtecFlix\AppEtecFlix\AppEtecFlix.csproj", "{6A31B91D-599B-4503-945A-FEFFF580013D}"
EndProject
Global
	GlobalSection(SolutionConfigurationPlatforms) = preSolution
		Debug|Any CPU = Debug|Any CPU
		Release|Any CPU = Release|Any CPU
	EndGlobalSection
	GlobalSection(ProjectConfigurationPlatforms) = postSolution
		{6B013A33-7110-4EA1-B964-EBA131FEED59}.Debug|Any CPU.ActiveCfg = Debug|Any CPU
		{6B013A33-7110-4EA1-B964-EBA131FEED59}.Debug|Any CPU.Build.0 = Debug|Any CPU
		{6B013A33-7110-4EA1-B964-EBA131FEED59}.Debug|Any CPU.Deploy.0 = Debug|Any CPU
		{6B013A33-7110-4EA1-B964-EBA131FEED59}.Release|Any CPU.ActiveCfg = Release|Any CPU
		{6B013A33-7110-4EA1-B964-EBA131FEED59}.Release|Any CPU.Build.0 = Release|Any CPU
		{6B013A33-7110-4EA1-B964-EBA131FEED59}.Release|Any CPU.Deploy.0 = Release|Any CPU
		{6A31B91D-599B-4503-945A-FEFFF580013D}.Debug|Any CPU.ActiveCfg = Debug|Any CPU
		{6A31B91D-599B-4503-945A-FEFFF580013D}.Debug|Any CPU.Build.0 = Debug|Any CPU
		{6A31B91D-599B-4503-945A-FEFFF580013D}.Debug|Any CPU.Deploy.0 = Debug|Any CPU
		{6A31B91D-599B-4503-945A-FEFFF580013D}.Release|Any CPU.ActiveCfg = Release|Any CPU
		{6A31B91D-599B-4503-945A-FEFFF580013D}.Release|Any CPU.Build.0 = Release|Any CPU
		{6A31B91D-599B-4503-945A-FEFFF580013D}.Release|Any CPU.Deploy.0 = Release|Any CPU
	EndGlobalSection
	GlobalSection(SolutionProperties) = preSolution
		HideSolutionNode = FALSE
	EndGlobalSection
	GlobalSection(ExtensibilityGlobals) = postSolution
		SolutionGuid = {170444B0-F45B-44B7-A2DA-24EAEF29A709}
	EndGlobalSection
EndGlobal
